// !$*UTF8*$!
{
	archiveVersion = 1;
	classes = {
	};
	objectVersion = 46;
	objects = {

/* Begin PBXBuildFile section */
		ECC8928B1CC40526009FCE9F /* AppDelegate.swift in Sources */ = {isa = PBXBuildFile; fileRef = ECC8928A1CC40526009FCE9F /* AppDelegate.swift */; };
		ECC8928D1CC40526009FCE9F /* ViewController.swift in Sources */ = {isa = PBXBuildFile; fileRef = ECC8928C1CC40526009FCE9F /* ViewController.swift */; };
		ECC892901CC40526009FCE9F /* Main.storyboard in Resources */ = {isa = PBXBuildFile; fileRef = ECC8928E1CC40526009FCE9F /* Main.storyboard */; };
		ECC892931CC40526009FCE9F /* Weather.xcdatamodeld in Sources */ = {isa = PBXBuildFile; fileRef = ECC892911CC40526009FCE9F /* Weather.xcdatamodeld */; };
		ECC892951CC40526009FCE9F /* Assets.xcassets in Resources */ = {isa = PBXBuildFile; fileRef = ECC892941CC40526009FCE9F /* Assets.xcassets */; };
		ECC892981CC40526009FCE9F /* LaunchScreen.storyboard in Resources */ = {isa = PBXBuildFile; fileRef = ECC892961CC40526009FCE9F /* LaunchScreen.storyboard */; };
/* End PBXBuildFile section */

/* Begin PBXFileReference section */
		ECC892871CC40526009FCE9F /* Weather.app */ = {isa = PBXFileReference; explicitFileType = wrapper.application; includeInIndex = 0; path = Weather.app; sourceTree = BUILT_PRODUCTS_DIR; };
		ECC8928A1CC40526009FCE9F /* AppDelegate.swift */ = {isa = PBXFileReference; lastKnownFileType = sourcecode.swift; path = AppDelegate.swift; sourceTree = "<group>"; };
		ECC8928C1CC40526009FCE9F /* ViewController.swift */ = {isa = PBXFileReference; lastKnownFileType = sourcecode.swift; path = ViewController.swift; sourceTree = "<group>"; };
		ECC8928F1CC40526009FCE9F /* Base */ = {isa = PBXFileReference; lastKnownFileType = file.storyboard; name = Base; path = Base.lproj/Main.storyboard; sourceTree = "<group>"; };
		ECC892921CC40526009FCE9F /* Weather.xcdatamodel */ = {isa = PBXFileReference; lastKnownFileType = wrapper.xcdatamodel; path = Weather.xcdatamodel; sourceTree = "<group>"; };
		ECC892941CC40526009FCE9F /* Assets.xcassets */ = {isa = PBXFileReference; lastKnownFileType = folder.assetcatalog; path = Assets.xcassets; sourceTree = "<group>"; };
		ECC892971CC40526009FCE9F /* Base */ = {isa = PBXFileReference; lastKnownFileType = file.storyboard; name = Base; path = Base.lproj/LaunchScreen.storyboard; sourceTree = "<group>"; };
		ECC892991CC40526009FCE9F /* Info.plist */ = {isa = PBXFileReference; lastKnownFileType = text.plist.xml; path = Info.plist; sourceTree = "<group>"; };
/* End PBXFileReference section */

/* Begin PBXFrameworksBuildPhase section */
		ECC892841CC40526009FCE9F /* Frameworks */ = {
			isa = PBXFrameworksBuildPhase;
			buildActionMask = 2147483647;
			files = (
			);
			runOnlyForDeploymentPostprocessing = 0;
		};
/* End PBXFrameworksBuildPhase section */

/* Begin PBXGroup section */
		ECC8927E1CC40526009FCE9F = {
			isa = PBXGroup;
			children = (
				ECC892891CC40526009FCE9F /* Weather */,
				ECC892881CC40526009FCE9F /* Products */,
			);
			sourceTree = "<group>";
		};
		ECC892881CC40526009FCE9F /* Products */ = {
			isa = PBXGroup;
			children = (
				ECC892871CC40526009FCE9F /* Weather.app */,
			);
			name = Products;
			sourceTree = "<group>";
		};
		ECC892891CC40526009FCE9F /* Weather */ = {
			isa = PBXGroup;
			children = (
				ECC8928A1CC40526009FCE9F /* AppDelegate.swift */,
				ECC8928C1CC40526009FCE9F /* ViewController.swift */,
				ECC8928E1CC40526009FCE9F /* Main.storyboard */,
				ECC892941CC40526009FCE9F /* Assets.xcassets */,
				ECC892961CC40526009FCE9F /* LaunchScreen.storyboard */,
				ECC892991CC40526009FCE9F /* Info.plist */,
				ECC892911CC40526009FCE9F /* Weather.xcdatamodeld */,
			);
			path = Weather;
			sourceTree = "<group>";
		};
/* End PBXGroup section */

/* Begin PBXNativeTarget section */
		ECC892861CC40526009FCE9F /* Weather */ = {
			isa = PBXNativeTarget;
			buildConfigurationList = ECC8929C1CC40526009FCE9F /* Build configuration list for PBXNativeTarget "Weather" */;
			buildPhases = (
				ECC892831CC40526009FCE9F /* Sources */,
				ECC892841CC40526009FCE9F /* Frameworks */,
				ECC892851CC40526009FCE9F /* Resources */,
			);
			buildRules = (
			);
			dependencies = (
			);
			name = Weather;
			productName = Weather;
			productReference = ECC892871CC40526009FCE9F /* Weather.app */;
			productType = "com.apple.product-type.application";
		};
/* End PBXNativeTarget section */

/* Begin PBXProject section */
		ECC8927F1CC40526009FCE9F /* Project object */ = {
			isa = PBXProject;
			attributes = {
				LastSwiftUpdateCheck = 0720;
				LastUpgradeCheck = 0720;
				ORGANIZATIONNAME = bearcode;
				TargetAttributes = {
					ECC892861CC40526009FCE9F = {
						CreatedOnToolsVersion = 7.2.1;
						DevelopmentTeam = 259Y5NE8GA;
					};
				};
			};
			buildConfigurationList = ECC892821CC40526009FCE9F /* Build configuration list for PBXProject "Weather" */;
			compatibilityVersion = "Xcode 3.2";
			developmentRegion = English;
			hasScannedForEncodings = 0;
			knownRegions = (
				en,
				Base,
			);
			mainGroup = ECC8927E1CC40526009FCE9F;
			productRefGroup = ECC892881CC40526009FCE9F /* Products */;
			projectDirPath = "";
			projectRoot = "";
			targets = (
				ECC892861CC40526009FCE9F /* Weather */,
			);
		};
/* End PBXProject section */

/* Begin PBXResourcesBuildPhase section */
		ECC892851CC40526009FCE9F /* Resources */ = {
			isa = PBXResourcesBuildPhase;
			buildActionMask = 2147483647;
			files = (
				ECC892981CC40526009FCE9F /* LaunchScreen.storyboard in Resources */,
				ECC892951CC40526009FCE9F /* Assets.xcassets in Resources */,
				ECC892901CC40526009FCE9F /* Main.storyboard in Resources */,
			);
			runOnlyForDeploymentPostprocessing = 0;
		};
/* End PBXResourcesBuildPhase section */

/* Begin PBXSourcesBuildPhase section */
		ECC892831CC40526009FCE9F /* Sources */ = {
			isa = PBXSourcesBuildPhase;
			buildActionMask = 2147483647;
			files = (
				ECC892931CC40526009FCE9F /* Weather.xcdatamodeld in Sources */,
				ECC8928D1CC40526009FCE9F /* ViewController.swift in Sources */,
				ECC8928B1CC40526009FCE9F /* AppDelegate.swift in Sources */,
			);
			runOnlyForDeploymentPostprocessing = 0;
		};
/* End PBXSourcesBuildPhase section */

/* Begin PBXVariantGroup section */
		ECC8928E1CC40526009FCE9F /* Main.storyboard */ = {
			isa = PBXVariantGroup;
			children = (
				ECC8928F1CC40526009FCE9F /* Base */,
			);
			name = Main.storyboard;
			sourceTree = "<group>";
		};
		ECC892961CC40526009FCE9F /* LaunchScreen.storyboard */ = {
			isa = PBXVariantGroup;
			children = (
				ECC892971CC40526009FCE9F /* Base */,
			);
			name = LaunchScreen.storyboard;
			sourceTree = "<group>";
		};
/* End PBXVariantGroup section */

/* Begin XCBuildConfiguration section */
		ECC8929A1CC40526009FCE9F /* Debug */ = {
			isa = XCBuildConfiguration;
			buildSettings = {
				ALWAYS_SEARCH_USER_PATHS = NO;
				CLANG_CXX_LANGUAGE_STANDARD = "gnu++0x";
				CLANG_CXX_LIBRARY = "libc++";
				CLANG_ENABLE_MODULES = YES;
				CLANG_ENABLE_OBJC_ARC = YES;
				CLANG_WARN_BOOL_CONVERSION = YES;
				CLANG_WARN_CONSTANT_CONVERSION = YES;
				CLANG_WARN_DIRECT_OBJC_ISA_USAGE = YES_ERROR;
				CLANG_WARN_EMPTY_BODY = YES;
				CLANG_WARN_ENUM_CONVERSION = YES;
				CLANG_WARN_INT_CONVERSION = YES;
				CLANG_WARN_OBJC_ROOT_CLASS = YES_ERROR;
				CLANG_WARN_UNREACHABLE_CODE = YES;
				CLANG_WARN__DUPLICATE_METHOD_MATCH = YES;
				"CODE_SIGN_IDENTITY[sdk=iphoneos*]" = "iPhone Developer";
				COPY_PHASE_STRIP = NO;
				DEBUG_INFORMATION_FORMAT = dwarf;
				ENABLE_STRICT_OBJC_MSGSEND = YES;
				ENABLE_TESTABILITY = YES;
				GCC_C_LANGUAGE_STANDARD = gnu99;
				GCC_DYNAMIC_NO_PIC = NO;
				GCC_NO_COMMON_BLOCKS = YES;
				GCC_OPTIMIZATION_LEVEL = 0;
				GCC_PREPROCESSOR_DEFINITIONS = (
					"DEBUG=1",
					"$(inherited)",
				);
				GCC_WARN_64_TO_32_BIT_CONVERSION = YES;
				GCC_WARN_ABOUT_RETURN_TYPE = YES_ERROR;
				GCC_WARN_UNDECLARED_SELECTOR = YES;
				GCC_WARN_UNINITIALIZED_AUTOS = YES_AGGRESSIVE;
				GCC_WARN_UNUSED_FUNCTION = YES;
				GCC_WARN_UNUSED_VARIABLE = YES;
				IPHONEOS_DEPLOYMENT_TARGET = 9.2;
				MTL_ENABLE_DEBUG_INFO = YES;
				ONLY_ACTIVE_ARCH = YES;
				SDKROOT = iphoneos;
				SWIFT_OPTIMIZATION_LEVEL = "-Onone";
				TARGETED_DEVICE_FAMILY = "1,2";
			};
			name = Debug;
		};
		ECC8929B1CC40526009FCE9F /* Release */ = {
			isa = XCBuildConfiguration;
			buildSettings = {
				ALWAYS_SEARCH_USER_PATHS = NO;
				CLANG_CXX_LANGUAGE_STANDARD = "gnu++0x";
				CLANG_CXX_LIBRARY = "libc++";
				CLANG_ENABLE_MODULES = YES;
				CLANG_ENABLE_OBJC_ARC = YES;
				CLANG_WARN_BOOL_CONVERSION = YES;
				CLANG_WARN_CONSTANT_CONVERSION = YES;
				CLANG_WARN_DIRECT_OBJC_ISA_USAGE = YES_ERROR;
				CLANG_WARN_EMPTY_BODY = YES;
				CLANG_WARN_ENUM_CONVERSION = YES;
				CLANG_WARN_INT_CONVERSION = YES;
				CLANG_WARN_OBJC_ROOT_CLASS = YES_ERROR;
				CLANG_WARN_UNREACHABLE_CODE = YES;
				CLANG_WARN__DUPLICATE_METHOD_MATCH = YES;
				"CODE_SIGN_IDENTITY[sdk=iphoneos*]" = "iPhone Developer";
				COPY_PHASE_STRIP = NO;
				DEBUG_INFORMATION_FORMAT = "dwarf-with-dsym";
				ENABLE_NS_ASSERTIONS = NO;
				ENABLE_STRICT_OBJC_MSGSEND = YES;
				GCC_C_LANGUAGE_STANDARD = gnu99;
				GCC_NO_COMMON_BLOCKS = YES;
				GCC_WARN_64_TO_32_BIT_CONVERSION = YES;
				GCC_WARN_ABOUT_RETURN_TYPE = YES_ERROR;
				GCC_WARN_UNDECLARED_SELECTOR = YES;
				GCC_WARN_UNINITIALIZED_AUTOS = YES_AGGRESSIVE;
				GCC_WARN_UNUSED_FUNCTION = YES;
				GCC_WARN_UNUSED_VARIABLE = YES;
				IPHONEOS_DEPLOYMENT_TARGET = 9.2;
				MTL_ENABLE_DEBUG_INFO = NO;
				SDKROOT = iphoneos;
				TARGETED_DEVICE_FAMILY = "1,2";
				VALIDATE_PRODUCT = YES;
			};
			name = Release;
		};
		ECC8929D1CC40526009FCE9F /* Debug */ = {
			isa = XCBuildConfiguration;
			buildSettings = {
				ASSETCATALOG_COMPILER_APPICON_NAME = AppIcon;
				INFOPLIST_FILE = Weather/Info.plist;
				LD_RUNPATH_SEARCH_PATHS = "$(inherited) @executable_path/Frameworks";
				PRODUCT_BUNDLE_IDENTIFIER = com.bearcode.Weather;
				PRODUCT_NAME = "$(TARGET_NAME)";
			};
			name = Debug;
		};
		ECC8929E1CC40526009FCE9F /* Release */ = {
			isa = XCBuildConfiguration;
			buildSettings = {
				ASSETCATALOG_COMPILER_APPICON_NAME = AppIcon;
				INFOPLIST_FILE = Weather/Info.plist;
				LD_RUNPATH_SEARCH_PATHS = "$(inherited) @executable_path/Frameworks";
				PRODUCT_BUNDLE_IDENTIFIER = com.bearcode.Weather;
				PRODUCT_NAME = "$(TARGET_NAME)";
			};
			name = Release;
		};
/* End XCBuildConfiguration section */

/* Begin XCConfigurationList section */
		ECC892821CC40526009FCE9F /* Build configuration list for PBXProject "Weather" */ = {
			isa = XCConfigurationList;
			buildConfigurations = (
				ECC8929A1CC40526009FCE9F /* Debug */,
				ECC8929B1CC40526009FCE9F /* Release */,
			);
			defaultConfigurationIsVisible = 0;
			defaultConfigurationName = Release;
		};
		ECC8929C1CC40526009FCE9F /* Build configuration list for PBXNativeTarget "Weather" */ = {
			isa = XCConfigurationList;
			buildConfigurations = (
				ECC8929D1CC40526009FCE9F /* Debug */,
				ECC8929E1CC40526009FCE9F /* Release */,
			);
			defaultConfigurationIsVisible = 0;
		};
/* End XCConfigurationList section */

/* Begin XCVersionGroup section */
		ECC892911CC40526009FCE9F /* Weather.xcdatamodeld */ = {
			isa = XCVersionGroup;
			children = (
				ECC892921CC40526009FCE9F /* Weather.xcdatamodel */,
			);
			currentVersion = ECC892921CC40526009FCE9F /* Weather.xcdatamodel */;
			path = Weather.xcdatamodeld;
			sourceTree = "<group>";
			versionGroupType = wrapper.xcdatamodel;
		};
/* End XCVersionGroup section */
	};
	rootObject = ECC8927F1CC40526009FCE9F /* Project object */;
}
